
Microsoft Visual Studio Solution File, Format Version 12.00
# Visual Studio Version 16
VisualStudioVersion = 16.0.30114.105
MinimumVisualStudioVersion = 10.0.40219.1
Project("{FAE04EC0-301F-11D3-BF4B-00C04F79EFBC}") = "API.Fox", "API.Fox\API.Fox.csproj", "{93384D1F-DB55-426F-BF85-75F73224556C}"
EndProject
Project("{FAE04EC0-301F-11D3-BF4B-00C04F79EFBC}") = "Fox.Access", "Fox.Access\Fox.Access.csproj", "{3327C3FB-9E38-43A4-B27E-E6E43093B678}"
EndProject
Project("{FAE04EC0-301F-11D3-BF4B-00C04F79EFBC}") = "API.Fox.EndPoint", "API.Fox.EndPoint\API.Fox.EndPoint.csproj", "{20BE029B-1654-4DAB-AFAA-FC35244A01A6}"
EndProject
Project("{FAE04EC0-301F-11D3-BF4B-00C04F79EFBC}") = "DB.Fox", "DB.Fox\DB.Fox.csproj", "{D3126485-31CC-40A3-9BD6-F401EFB36E89}"
EndProject
Global
	GlobalSection(SolutionConfigurationPlatforms) = preSolution
		Debug|Any CPU = Debug|Any CPU
		Release|Any CPU = Release|Any CPU
	EndGlobalSection
	GlobalSection(SolutionProperties) = preSolution
		HideSolutionNode = FALSE
	EndGlobalSection
	GlobalSection(ProjectConfigurationPlatforms) = postSolution
		{93384D1F-DB55-426F-BF85-75F73224556C}.Debug|Any CPU.ActiveCfg = Debug|Any CPU
		{93384D1F-DB55-426F-BF85-75F73224556C}.Debug|Any CPU.Build.0 = Debug|Any CPU
		{93384D1F-DB55-426F-BF85-75F73224556C}.Release|Any CPU.ActiveCfg = Release|Any CPU
		{93384D1F-DB55-426F-BF85-75F73224556C}.Release|Any CPU.Build.0 = Release|Any CPU
		{3327C3FB-9E38-43A4-B27E-E6E43093B678}.Debug|Any CPU.ActiveCfg = Debug|Any CPU
		{3327C3FB-9E38-43A4-B27E-E6E43093B678}.Debug|Any CPU.Build.0 = Debug|Any CPU
		{3327C3FB-9E38-43A4-B27E-E6E43093B678}.Release|Any CPU.ActiveCfg = Release|Any CPU
		{3327C3FB-9E38-43A4-B27E-E6E43093B678}.Release|Any CPU.Build.0 = Release|Any CPU
		{20BE029B-1654-4DAB-AFAA-FC35244A01A6}.Debug|Any CPU.ActiveCfg = Debug|Any CPU
		{20BE029B-1654-4DAB-AFAA-FC35244A01A6}.Debug|Any CPU.Build.0 = Debug|Any CPU
		{20BE029B-1654-4DAB-AFAA-FC35244A01A6}.Release|Any CPU.ActiveCfg = Release|Any CPU
		{20BE029B-1654-4DAB-AFAA-FC35244A01A6}.Release|Any CPU.Build.0 = Release|Any CPU
		{D3126485-31CC-40A3-9BD6-F401EFB36E89}.Debug|Any CPU.ActiveCfg = Debug|Any CPU
		{D3126485-31CC-40A3-9BD6-F401EFB36E89}.Debug|Any CPU.Build.0 = Debug|Any CPU
		{D3126485-31CC-40A3-9BD6-F401EFB36E89}.Release|Any CPU.ActiveCfg = Release|Any CPU
		{D3126485-31CC-40A3-9BD6-F401EFB36E89}.Release|Any CPU.Build.0 = Release|Any CPU
	EndGlobalSection
EndGlobal
